{
  "version": 4,
  "terraform_version": "1.3.9",
  "serial": 512,
  "lineage": "45a090d9-ce06-19f9-ae61-bcc202143668",
  "outputs": {
    "backend_ecr": {
      "value": "070304086929.dkr.ecr.us-east-1.amazonaws.com/backend",
      "type": "string"
    },
    "cluster_name": {
      "value": "cluster",
      "type": "string"
    },
    "cluster_version": {
      "value": "1.28",
      "type": "string"
    },
    "frontend_ecr": {
      "value": "070304086929.dkr.ecr.us-east-1.amazonaws.com/frontend",
      "type": "string"
    },
    "github_action_user_arn": {
      "value": "arn:aws:iam::070304086929:user/github-action-user",
      "type": "string"
    }
  },
  "resources": [
    {
      "mode": "data",
      "type": "aws_iam_policy_document",
      "name": "assume_role_policy",
      "provider": "provider[\"registry.terraform.io/hashicorp/aws\"]",
      "instances": [
        {
          "schema_version": 0,
          "attributes": {
            "id": "1903849331",
            "json": "{\n  \"Version\": \"2012-10-17\",\n  \"Statement\": [\n    {\n      \"Sid\": \"\",\n      \"Effect\": \"Allow\",\n      \"Action\": \"sts:AssumeRole\",\n      \"Principal\": {\n        \"Service\": \"ec2.amazonaws.com\"\n      }\n    }\n  ]\n}",
            "override_json": null,
            "override_policy_documents": null,
            "policy_id": null,
            "source_json": null,
            "source_policy_documents": null,
            "statement": [
              {
                "actions": [
                  "sts:AssumeRole"
                ],
                "condition": [],
                "effect": "Allow",
                "not_actions": [],
                "not_principals": [],
                "not_resources": [],
                "principals": [
                  {
                    "identifiers": [
                      "ec2.amazonaws.com"
                    ],
                    "type": "Service"
                  }
                ],
                "resources": [],
                "sid": ""
              }
            ],
            "version": "2012-10-17"
          },
          "sensitive_attributes": []
        }
      ]
    },
    {
      "mode": "data",
      "type": "aws_iam_policy_document",
      "name": "github_policy",
      "provider": "provider[\"registry.terraform.io/hashicorp/aws\"]",
      "instances": [
        {
          "schema_version": 0,
          "attributes": {
            "id": "1626969440",
            "json": "{\n  \"Version\": \"2012-10-17\",\n  \"Statement\": [\n    {\n      \"Sid\": \"\",\n      \"Effect\": \"Allow\",\n      \"Action\": [\n        \"eks:*\",\n        \"ecr:*\",\n        \"ec2:*\"\n      ],\n      \"Resource\": \"*\"\n    }\n  ]\n}",
            "override_json": null,
            "override_policy_documents": null,
            "policy_id": null,
            "source_json": null,
            "source_policy_documents": null,
            "statement": [
              {
                "actions": [
                  "ec2:*",
                  "ecr:*",
                  "eks:*"
                ],
                "condition": [],
                "effect": "Allow",
                "not_actions": [],
                "not_principals": [],
                "not_resources": [],
                "principals": [],
                "resources": [
                  "*"
                ],
                "sid": ""
              }
            ],
            "version": "2012-10-17"
          },
          "sensitive_attributes": []
        }
      ]
    },
    {
      "mode": "data",
      "type": "aws_ssm_parameter",
      "name": "eks_ami_release_version",
      "provider": "provider[\"registry.terraform.io/hashicorp/aws\"]",
      "instances": []
    },
    {
      "mode": "managed",
      "type": "aws_codebuild_project",
      "name": "codebuild",
      "provider": "provider[\"registry.terraform.io/hashicorp/aws\"]",
      "instances": [
        {
          "schema_version": 0,
          "attributes": {
            "arn": "arn:aws:codebuild:us-east-1:070304086929:project/udacity",
            "artifacts": [
              {
                "artifact_identifier": "",
                "bucket_owner_access": "",
                "encryption_disabled": false,
                "location": "",
                "name": "",
                "namespace_type": "",
                "override_artifact_name": false,
                "packaging": "",
                "path": "",
                "type": "NO_ARTIFACTS"
              }
            ],
            "badge_enabled": false,
            "badge_url": "",
            "build_batch_config": [],
            "build_timeout": 60,
            "cache": [
              {
                "location": "",
                "modes": [],
                "type": "NO_CACHE"
              }
            ],
            "concurrent_build_limit": 0,
            "description": "Udacity CodeBuild project",
            "encryption_key": "arn:aws:kms:us-east-1:070304086929:alias/aws/s3",
            "environment": [
              {
                "certificate": "",
                "compute_type": "BUILD_GENERAL1_SMALL",
                "environment_variable": [],
                "image": "aws/codebuild/standard:5.0",
                "image_pull_credentials_type": "CODEBUILD",
                "privileged_mode": true,
                "registry_credential": [],
                "type": "LINUX_CONTAINER"
              }
            ],
            "file_system_locations": [],
            "id": "arn:aws:codebuild:us-east-1:070304086929:project/udacity",
            "logs_config": [
              {
                "cloudwatch_logs": [
                  {
                    "group_name": "",
                    "status": "ENABLED",
                    "stream_name": ""
                  }
                ],
                "s3_logs": [
                  {
                    "bucket_owner_access": "",
                    "encryption_disabled": false,
                    "location": "",
                    "status": "DISABLED"
                  }
                ]
              }
            ],
            "name": "udacity",
            "project_visibility": "PRIVATE",
            "public_project_alias": "",
            "queued_timeout": 480,
            "resource_access_role": "",
            "secondary_artifacts": [],
            "secondary_source_version": [],
            "secondary_sources": [],
            "service_role": "arn:aws:iam::070304086929:role/codebuild-role",
            "source": [
              {
                "auth": [],
                "build_status_config": [],
                "buildspec": "buildspec.yml",
                "git_clone_depth": 1,
                "git_submodules_config": [],
                "insecure_ssl": false,
                "location": "https://github.com/your-org/your-repo",
                "report_build_status": false,
                "type": "GITHUB"
              }
            ],
            "source_version": "",
            "tags": {},
            "tags_all": {},
            "vpc_config": []
          },
          "sensitive_attributes": [],
          "private": "bnVsbA==",
          "dependencies": [
            "aws_iam_role.codebuild"
          ]
        }
      ]
    },
    {
      "mode": "managed",
      "type": "aws_ecr_repository",
      "name": "backend",
      "provider": "provider[\"registry.terraform.io/hashicorp/aws\"]",
      "instances": [
        {
          "schema_version": 0,
          "attributes": {
            "arn": "arn:aws:ecr:us-east-1:070304086929:repository/backend",
            "encryption_configuration": [
              {
                "encryption_type": "AES256",
                "kms_key": ""
              }
            ],
            "force_delete": true,
            "id": "backend",
            "image_scanning_configuration": [
              {
                "scan_on_push": true
              }
            ],
            "image_tag_mutability": "MUTABLE",
            "name": "backend",
            "registry_id": "070304086929",
            "repository_url": "070304086929.dkr.ecr.us-east-1.amazonaws.com/backend",
            "tags": {},
            "tags_all": {},
            "timeouts": null
          },
          "sensitive_attributes": [],
          "private": "eyJlMmJmYjczMC1lY2FhLTExZTYtOGY4OC0zNDM2M2JjN2M0YzAiOnsiZGVsZXRlIjoxMjAwMDAwMDAwMDAwfX0="
        }
      ]
    },
    {
      "mode": "managed",
      "type": "aws_ecr_repository",
      "name": "frontend",
      "provider": "provider[\"registry.terraform.io/hashicorp/aws\"]",
      "instances": [
        {
          "schema_version": 0,
          "attributes": {
            "arn": "arn:aws:ecr:us-east-1:070304086929:repository/frontend",
            "encryption_configuration": [
              {
                "encryption_type": "AES256",
                "kms_key": ""
              }
            ],
            "force_delete": true,
            "id": "frontend",
            "image_scanning_configuration": [
              {
                "scan_on_push": true
              }
            ],
            "image_tag_mutability": "MUTABLE",
            "name": "frontend",
            "registry_id": "070304086929",
            "repository_url": "070304086929.dkr.ecr.us-east-1.amazonaws.com/frontend",
            "tags": {},
            "tags_all": {},
            "timeouts": null
          },
          "sensitive_attributes": [],
          "private": "eyJlMmJmYjczMC1lY2FhLTExZTYtOGY4OC0zNDM2M2JjN2M0YzAiOnsiZGVsZXRlIjoxMjAwMDAwMDAwMDAwfX0="
        }
      ]
    },
    {
      "mode": "managed",
      "type": "aws_eks_cluster",
      "name": "main",
      "provider": "provider[\"registry.terraform.io/hashicorp/aws\"]",
      "instances": [
        {
          "schema_version": 0,
          "attributes": {
            "arn": "arn:aws:eks:us-east-1:070304086929:cluster/cluster",
            "certificate_authority": [
              {
                "data": "LS0tLS1CRUdJTiBDRVJUSUZJQ0FURS0tLS0tCk1JSURNVENDQWhtZ0F3SUJBZ0lRY2ExUVN4UWRWdGp2Ni9aR0tjakJOVEFOQmdrcWhraUc5dzBCQVFzRkFEQW4KTVJBd0RnWURWUVFLRXdkQlYxTWdSVXRUTVJNd0VRWURWUVFERXdwcmRXSmxjbTVsZEdWek1CNFhEVEkyTURreApNakE1TkRReU4xb1hEVE14TURreE1UQTVORFF5TjFvd0p6RVFNQTRHQTFVRUNoTUhRVmRUSUVWTFV6RVRNQkVHCkExVUVBeE1LYTNWaVpYSnVaWFJsY3pDQ0FTSXdEUVlKS29aSWh2Y05BUUVCQlFBRGdnRVBBRENDQVFvQ2dnRUIKQUxQRHRsamFyT3k4ekFyTmwrb3g1RHNTa2d0NVVaZnZ4VmVIM01SNW5GYmNvd3k0VEtPOGEzTWxSNWJqY1IxdQorcDNla01nbCtZckdxOU56YW81cWpQVnNZdG56VGtQMGNURk9zOStLaWFsbUcyUnZicVNkVlM2TytkRzJia01ZCjIyQWNpc1JaSE5aZ255azRPR0dSNlpLS1h3aTVmSTRJOW1QZHk1MnMwbXhiYVp2bTJQNWE1dDJ1K05aWlFFR1QKVi9lOHMzUU10OXFnREIrM1dSdzUxVXR4dlJNYm1CSXAxQ2NGa0F0MUtEQ0dzanU3eWpTWkZMaHJxeWFKS044ZAphbUV6SGkrRVBXN2YzUWcrbmsyZUphOXZjT25BdGdhcGdLQ0YzcU4reVZCQkdHS0liUGlhNk40SGxDUWtvM1dRCkNJSVluRGVuYW1Va2p1MEtSemFRVkIwQ0F3RUFBYU5aTUZjd0RnWURWUjBQQVFIL0JBUURBZ0trTUE4R0ExVWQKRXdFQi93UUZNQU1CQWY4d0hRWURWUjBPQkJZRUZPMnIzTmJRd0xMWjRpU2MvRWRqdjA2cFhkcHZNQlVHQTFVZApFUVFPTUF5Q0NtdDFZbVZ5Ym1WMFpYTXdEUVlKS29aSWh2Y05BUUVMQlFBRGdnRUJBQVVCNWkvVnc3U3lsVzNICjM5aGlGRzcxeFBKQTlWdHUwTmR3dWFPNE9vdnB3ZVBmdTI3M2tteFBxRjVuZU5jenBzTC9aalNNdjlaRHBhY2IKckRwQlRWZDFBMEVJNXF3UFU1MlVwZDVtSzNWQ1dXZCsxeWNIVHNhTjNEVDZNdFBPTWt3WndMYmhDMklLMEI1SwprYTFqcmhDUkZlUm9kY0NTT1pqcHpTOFl2REVOc2tMdU1lNTI4RWxMTGFJWWkwZGYyVVZoWXUzWHlPQXZ5V1RiCjhMWC9aOTU4QkRkMW5iRlMzZmhyWEVBTExFeFJidWZ1MExiOFo5d0pFVkNUMUtwSkdmMTRjNTh2RDJkNE5SQUMKUTB6R1JpcENxS1k4N0RPREV1UjIrWnFBNHg1TUlpajlYMWdvMDhsaDk5cjdDQzdIbVVVWUp5c2pnamd5YmM1Rgp6R2FtQ01NPQotLS0tLUVORCBDRVJUSUZJQ0FURS0tLS0tCg=="
              }
            ],
            "cluster_id": null,
            "created_at": "2026-09-12 09:44:18.774 +0000 UTC",
            "enabled_cluster_log_types": [],
            "encryption_config": [],
            "endpoint": "https://8B5B26244F92E0653994B75BFC5643B7.gr7.us-east-1.eks.amazonaws.com",
            "id": "cluster",
            "identity": [
              {
                "oidc": [
                  {
                    "issuer": "https://oidc.eks.us-east-1.amazonaws.com/id/8B5B26244F92E0653994B75BFC5643B7"
                  }
                ]
              }
            ],
            "kubernetes_network_config": [
              {
                "ip_family": "ipv4",
                "service_ipv4_cidr": "172.20.0.0/16",
                "service_ipv6_cidr": ""
              }
            ],
            "name": "cluster",
            "outpost_config": [],
            "platform_version": "eks.76",
            "role_arn": "arn:aws:iam::070304086929:role/eks_cluster_role",
            "status": "ACTIVE",
            "tags": {},
            "tags_all": {},
            "timeouts": null,
            "version": "1.28",
            "vpc_config": [
              {
                "cluster_security_group_id": "sg-06df11b20996ac79d",
                "endpoint_private_access": true,
                "endpoint_public_access": true,
                "public_access_cidrs": [
                  "0.0.0.0/0"
                ],
                "security_group_ids": [],
                "subnet_ids": [
                  "subnet-03c57cdf150c84af3",
                  "subnet-0e5621abd8d376729"
                ],
                "vpc_id": "vpc-0c2cb06f29d02f9e3"
              }
            ]
          },
          "sensitive_attributes": [],
          "private": "eyJlMmJmYjczMC1lY2FhLTExZTYtOGY4OC0zNDM2M2JjN2M0YzAiOnsiY3JlYXRlIjoxODAwMDAwMDAwMDAwLCJkZWxldGUiOjkwMDAwMDAwMDAwMCwidXBkYXRlIjozNjAwMDAwMDAwMDAwfX0=",
          "dependencies": [
            "aws_iam_role.eks_cluster",
            "aws_iam_role_policy_attachment.eks_cluster",
            "aws_iam_role_policy_attachment.eks_service",
            "aws_subnet.private_subnet",
            "aws_subnet.public_subnet"
          ]
        }
      ]
    },
    {
      "mode": "managed",
      "type": "aws_eks_node_group",
      "name": "main",
      "provider": "provider[\"registry.terraform.io/hashicorp/aws\"]",
      "instances": []
    },
    {
      "mode": "managed",
      "type": "aws_iam_policy",
      "name": "github_action_policy",
      "provider": "provider[\"registry.terraform.io/hashicorp/aws\"]",
      "instances": [
        {
          "schema_version": 0,
          "attributes": {
            "arn": "arn:aws:iam::070304086929:policy/github-action-user-policy",
            "description": "",
            "id": "arn:aws:iam::070304086929:policy/github-action-user-policy",
            "name": "github-action-user-policy",
            "name_prefix": null,
            "path": "/",
            "policy": "{\"Statement\":[{\"Action\":[\"eks:*\",\"ecr:*\",\"ec2:*\"],\"Effect\":\"Allow\",\"Resource\":\"*\",\"Sid\":\"\"}],\"Version\":\"2012-10-17\"}",
            "policy_id": "ANPARAXTTHOI2BSURTOX2",
            "tags": {},
            "tags_all": {}
          },
          "sensitive_attributes": [],
          "private": "bnVsbA==",
          "dependencies": [
            "data.aws_iam_policy_document.github_policy"
          ]
        }
      ]
    },
    {
      "mode": "managed",
      "type": "aws_iam_role",
      "name": "codebuild",
      "provider": "provider[\"registry.terraform.io/hashicorp/aws\"]",
      "instances": [
        {
          "schema_version": 0,
          "attributes": {
            "arn": "arn:aws:iam::070304086929:role/codebuild-role",
            "assume_role_policy": "{\"Statement\":[{\"Action\":\"sts:AssumeRole\",\"Effect\":\"Allow\",\"Principal\":{\"Service\":\"codebuild.amazonaws.com\"}}],\"Version\":\"2012-10-17\"}",
            "create_date": "2026-09-12T09:35:32Z",
            "description": "",
            "force_detach_policies": false,
            "id": "codebuild-role",
            "inline_policy": [],
            "managed_policy_arns": [
              "arn:aws:iam::aws:policy/AWSCodeBuildAdminAccess"
            ],
            "max_session_duration": 3600,
            "name": "codebuild-role",
            "name_prefix": "",
            "path": "/",
            "permissions_boundary": null,
            "tags": {},
            "tags_all": {},
            "unique_id": "AROARAXTTHOIQL3HC356W"
          },
          "sensitive_attributes": [],
          "private": "bnVsbA=="
        }
      ]
    },
    {
      "mode": "managed",
      "type": "aws_iam_role",
      "name": "eks_cluster",
      "provider": "provider[\"registry.terraform.io/hashicorp/aws\"]",
      "instances": [
        {
          "schema_version": 0,
          "attributes": {
            "arn": "arn:aws:iam::070304086929:role/eks_cluster_role",
            "assume_role_policy": "{\"Statement\":[{\"Action\":\"sts:AssumeRole\",\"Effect\":\"Allow\",\"Principal\":{\"Service\":\"eks.amazonaws.com\"}}],\"Version\":\"2012-10-17\"}",
            "create_date": "2026-09-12T09:35:32Z",
            "description": "",
            "force_detach_policies": false,
            "id": "eks_cluster_role",
            "inline_policy": [],
            "managed_policy_arns": [
              "arn:aws:iam::aws:policy/AmazonEKSClusterPolicy",
              "arn:aws:iam::aws:policy/AmazonEKSServicePolicy"
            ],
            "max_session_duration": 3600,
            "name": "eks_cluster_role",
            "name_prefix": "",
            "path": "/",
            "permissions_boundary": null,
            "tags": {},
            "tags_all": {},
            "unique_id": "AROARAXTTHOI5GRWLUCCM"
          },
          "sensitive_attributes": [],
          "private": "bnVsbA=="
        }
      ]
    },
    {
      "mode": "managed",
      "type": "aws_iam_role",
      "name": "node_group",
      "provider": "provider[\"registry.terraform.io/hashicorp/aws\"]",
      "instances": [
        {
          "schema_version": 0,
          "attributes": {
            "arn": "arn:aws:iam::070304086929:role/udacity-node-group",
            "assume_role_policy": "{\"Statement\":[{\"Action\":\"sts:AssumeRole\",\"Effect\":\"Allow\",\"Principal\":{\"Service\":\"ec2.amazonaws.com\"},\"Sid\":\"\"}],\"Version\":\"2012-10-17\"}",
            "create_date": "2026-09-12T09:35:32Z",
            "description": "",
            "force_detach_policies": false,
            "id": "udacity-node-group",
            "inline_policy": [],
            "managed_policy_arns": [
              "arn:aws:iam::aws:policy/AmazonEC2ContainerRegistryReadOnly",
              "arn:aws:iam::aws:policy/AmazonEKSWorkerNodePolicy",
              "arn:aws:iam::aws:policy/AmazonEKS_CNI_Policy"
            ],
            "max_session_duration": 3600,
            "name": "udacity-node-group",
            "name_prefix": "",
            "path": "/",
            "permissions_boundary": null,
            "tags": {},
            "tags_all": {},
            "unique_id": "AROARAXTTHOI6DDLZS3N3"
          },
          "sensitive_attributes": [],
          "private": "bnVsbA==",
          "dependencies": [
            "data.aws_iam_policy_document.assume_role_policy"
          ]
        }
      ]
    },
    {
      "mode": "managed",
      "type": "aws_iam_role_policy_attachment",
      "name": "cni_policy",
      "provider": "provider[\"registry.terraform.io/hashicorp/aws\"]",
      "instances": [
        {
          "schema_version": 0,
          "attributes": {
            "id": "udacity-node-group-20260912093532844600000003",
            "policy_arn": "arn:aws:iam::aws:policy/AmazonEKS_CNI_Policy",
            "role": "udacity-node-group"
          },
          "sensitive_attributes": [],
          "private": "bnVsbA==",
          "dependencies": [
            "aws_iam_role.node_group",
            "data.aws_iam_policy_document.assume_role_policy"
          ]
        }
      ]
    },
    {
      "mode": "managed",
      "type": "aws_iam_role_policy_attachment",
      "name": "codebuild",
      "provider": "provider[\"registry.terraform.io/hashicorp/aws\"]",
      "instances": [
        {
          "schema_version": 0,
          "attributes": {
            "id": "codebuild-role-20260912093532972200000007",
            "policy_arn": "arn:aws:iam::aws:policy/AWSCodeBuildAdminAccess",
            "role": "codebuild-role"
          },
          "sensitive_attributes": [],
          "private": "bnVsbA==",
          "dependencies": [
            "aws_iam_role.codebuild"
          ]
        }
      ]
    },
    {
      "mode": "managed",
      "type": "aws_iam_role_policy_attachment",
      "name": "ecr_policy",
      "provider": "provider[\"registry.terraform.io/hashicorp/aws\"]",
      "instances": [
        {
          "schema_version": 0,
          "attributes": {
            "id": "udacity-node-group-20260912093532954700000006",
            "policy_arn": "arn:aws:iam::aws:policy/AmazonEC2ContainerRegistryReadOnly",
            "role": "udacity-node-group"
          },
          "sensitive_attributes": [],
          "private": "bnVsbA==",
          "dependencies": [
            "aws_iam_role.node_group",
            "data.aws_iam_policy_document.assume_role_policy"
          ]
        }
      ]
    },
    {
      "mode": "managed",
      "type": "aws_iam_role_policy_attachment",
      "name": "eks_cluster",
      "provider": "provider[\"registry.terraform.io/hashicorp/aws\"]",
      "instances": [
        {
          "schema_version": 0,
          "attributes": {
            "id": "eks_cluster_role-20260912093532840900000002",
            "policy_arn": "arn:aws:iam::aws:policy/AmazonEKSClusterPolicy",
            "role": "eks_cluster_role"
          },
          "sensitive_attributes": [],
          "private": "bnVsbA==",
          "dependencies": [
            "aws_iam_role.eks_cluster"
          ]
        }
      ]
    },
    {
      "mode": "managed",
      "type": "aws_iam_role_policy_attachment",
      "name": "eks_service",
      "provider": "provider[\"registry.terraform.io/hashicorp/aws\"]",
      "instances": [
        {
          "schema_version": 0,
          "attributes": {
            "id": "eks_cluster_role-20260912093532877500000004",
            "policy_arn": "arn:aws:iam::aws:policy/AmazonEKSServicePolicy",
            "role": "eks_cluster_role"
          },
          "sensitive_attributes": [],
          "private": "bnVsbA==",
          "dependencies": [
            "aws_iam_role.eks_cluster"
          ]
        }
      ]
    },
    {
      "mode": "managed",
      "type": "aws_iam_role_policy_attachment",
      "name": "node_group_policy",
      "provider": "provider[\"registry.terraform.io/hashicorp/aws\"]",
      "instances": [
        {
          "schema_version": 0,
          "attributes": {
            "id": "udacity-node-group-20260912093532899000000005",
            "policy_arn": "arn:aws:iam::aws:policy/AmazonEKSWorkerNodePolicy",
            "role": "udacity-node-group"
          },
          "sensitive_attributes": [],
          "private": "bnVsbA==",
          "dependencies": [
            "aws_iam_role.node_group",
            "data.aws_iam_policy_document.assume_role_policy"
          ]
        }
      ]
    },
    {
      "mode": "managed",
      "type": "aws_iam_user",
      "name": "github_action_user",
      "provider": "provider[\"registry.terraform.io/hashicorp/aws\"]",
      "instances": [
        {
          "schema_version": 0,
          "attributes": {
            "arn": "arn:aws:iam::070304086929:user/github-action-user",
            "force_destroy": false,
            "id": "github-action-user",
            "name": "github-action-user",
            "path": "/",
            "permissions_boundary": null,
            "tags": {},
            "tags_all": {},
            "unique_id": "AIDARAXTTHOI2VBCCVYFS"
          },
          "sensitive_attributes": [],
          "private": "bnVsbA=="
        }
      ]
    },
    {
      "mode": "managed",
      "type": "aws_iam_user_policy_attachment",
      "name": "github_action_user_permission",
      "provider": "provider[\"registry.terraform.io/hashicorp/aws\"]",
      "instances": [
        {
          "schema_version": 0,
          "attributes": {
            "id": "github-action-user-20260912094416467100000001",
            "policy_arn": "arn:aws:iam::070304086929:policy/github-action-user-policy",
            "user": "github-action-user"
          },
          "sensitive_attributes": [],
          "private": "bnVsbA==",
          "dependencies": [
            "aws_iam_policy.github_action_policy",
            "aws_iam_user.github_action_user",
            "data.aws_iam_policy_document.github_policy"
          ]
        }
      ]
    },
    {
      "mode": "managed",
      "type": "aws_internet_gateway",
      "name": "igw",
      "provider": "provider[\"registry.terraform.io/hashicorp/aws\"]",
      "instances": [
        {
          "schema_version": 0,
          "attributes": {
            "arn": "arn:aws:ec2:us-east-1:070304086929:internet-gateway/igw-0bf638346074719f4",
            "id": "igw-0bf638346074719f4",
            "owner_id": "070304086929",
            "tags": {},
            "tags_all": {},
            "timeouts": null,
            "vpc_id": "vpc-0c2cb06f29d02f9e3"
          },
          "sensitive_attributes": [],
          "private": "eyJlMmJmYjczMC1lY2FhLTExZTYtOGY4OC0zNDM2M2JjN2M0YzAiOnsiY3JlYXRlIjoxMjAwMDAwMDAwMDAwLCJkZWxldGUiOjEyMDAwMDAwMDAwMDAsInVwZGF0ZSI6MTIwMDAwMDAwMDAwMH19",
          "dependencies": [
            "aws_vpc.vpc"
          ]
        }
      ]
    },
    {
      "mode": "managed",
      "type": "aws_route_table",
      "name": "private",
      "provider": "provider[\"registry.terraform.io/hashicorp/aws\"]",
      "instances": [
        {
          "schema_version": 0,
          "attributes": {
            "arn": "arn:aws:ec2:us-east-1:070304086929:route-table/rtb-036c0eccd5603c505",
            "id": "rtb-036c0eccd5603c505",
            "owner_id": "070304086929",
            "propagating_vgws": [],
            "route": [],
            "tags": {
              "Name": "private"
            },
            "tags_all": {
              "Name": "private"
            },
            "timeouts": null,
            "vpc_id": "vpc-0c2cb06f29d02f9e3"
          },
          "sensitive_attributes": [],
          "private": "eyJlMmJmYjczMC1lY2FhLTExZTYtOGY4OC0zNDM2M2JjN2M0YzAiOnsiY3JlYXRlIjozMDAwMDAwMDAwMDAsImRlbGV0ZSI6MzAwMDAwMDAwMDAwLCJ1cGRhdGUiOjEyMDAwMDAwMDAwMH19",
          "dependencies": [
            "aws_vpc.vpc"
          ]
        }
      ]
    },
    {
      "mode": "managed",
      "type": "aws_route_table",
      "name": "public",
      "provider": "provider[\"registry.terraform.io/hashicorp/aws\"]",
      "instances": [
        {
          "schema_version": 0,
          "attributes": {
            "arn": "arn:aws:ec2:us-east-1:070304086929:route-table/rtb-021de481282854684",
            "id": "rtb-021de481282854684",
            "owner_id": "070304086929",
            "propagating_vgws": [],
            "route": [
              {
                "carrier_gateway_id": "",
                "cidr_block": "0.0.0.0/0",
                "core_network_arn": "",
                "destination_prefix_list_id": "",
                "egress_only_gateway_id": "",
                "gateway_id": "igw-0bf638346074719f4",
                "instance_id": "",
                "ipv6_cidr_block": "",
                "local_gateway_id": "",
                "nat_gateway_id": "",
                "network_interface_id": "",
                "transit_gateway_id": "",
                "vpc_endpoint_id": "",
                "vpc_peering_connection_id": ""
              }
            ],
            "tags": {
              "Name": "public"
            },
            "tags_all": {
              "Name": "public"
            },
            "timeouts": null,
            "vpc_id": "vpc-0c2cb06f29d02f9e3"
          },
          "sensitive_attributes": [],
          "private": "eyJlMmJmYjczMC1lY2FhLTExZTYtOGY4OC0zNDM2M2JjN2M0YzAiOnsiY3JlYXRlIjozMDAwMDAwMDAwMDAsImRlbGV0ZSI6MzAwMDAwMDAwMDAwLCJ1cGRhdGUiOjEyMDAwMDAwMDAwMH19",
          "dependencies": [
            "aws_internet_gateway.igw",
            "aws_vpc.vpc"
          ]
        }
      ]
    },
    {
      "mode": "managed",
      "type": "aws_route_table_association",
      "name": "private",
      "provider": "provider[\"registry.terraform.io/hashicorp/aws\"]",
      "instances": [
        {
          "schema_version": 0,
          "attributes": {
            "gateway_id": "",
            "id": "rtbassoc-08ef0288e05e8b79b",
            "route_table_id": "rtb-036c0eccd5603c505",
            "subnet_id": "subnet-03c57cdf150c84af3"
          },
          "sensitive_attributes": [],
          "private": "bnVsbA==",
          "dependencies": [
            "aws_route_table.private",
            "aws_subnet.private_subnet",
            "aws_vpc.vpc"
          ]
        }
      ]
    },
    {
      "mode": "managed",
      "type": "aws_route_table_association",
      "name": "public",
      "provider": "provider[\"registry.terraform.io/hashicorp/aws\"]",
      "instances": [
        {
          "schema_version": 0,
          "attributes": {
            "gateway_id": "",
            "id": "rtbassoc-09d28aae6b8c13bf3",
            "route_table_id": "rtb-021de481282854684",
            "subnet_id": "subnet-0e5621abd8d376729"
          },
          "sensitive_attributes": [],
          "private": "bnVsbA==",
          "dependencies": [
            "aws_internet_gateway.igw",
            "aws_route_table.public",
            "aws_subnet.public_subnet",
            "aws_vpc.vpc"
          ]
        }
      ]
    },
    {
      "mode": "managed",
      "type": "aws_subnet",
      "name": "private_subnet",
      "provider": "provider[\"registry.terraform.io/hashicorp/aws\"]",
      "instances": [
        {
          "schema_version": 1,
          "attributes": {
            "arn": "arn:aws:ec2:us-east-1:070304086929:subnet/subnet-03c57cdf150c84af3",
            "assign_ipv6_address_on_creation": false,
            "availability_zone": "us-east-1b",
            "availability_zone_id": "use1-az1",
            "cidr_block": "10.0.2.0/24",
            "customer_owned_ipv4_pool": "",
            "enable_dns64": false,
            "enable_resource_name_dns_a_record_on_launch": false,
            "enable_resource_name_dns_aaaa_record_on_launch": false,
            "id": "subnet-03c57cdf150c84af3",
            "ipv6_cidr_block": "",
            "ipv6_cidr_block_association_id": "",
            "ipv6_native": false,
            "map_customer_owned_ip_on_launch": false,
            "map_public_ip_on_launch": false,
            "outpost_arn": "",
            "owner_id": "070304086929",
            "private_dns_hostname_type_on_launch": "ip-name",
            "tags": {
              "Name": "udacity-private"
            },
            "tags_all": {
              "Name": "udacity-private"
            },
            "timeouts": null,
            "vpc_id": "vpc-0c2cb06f29d02f9e3"
          },
          "sensitive_attributes": [],
          "private": "eyJlMmJmYjczMC1lY2FhLTExZTYtOGY4OC0zNDM2M2JjN2M0YzAiOnsiY3JlYXRlIjo2MDAwMDAwMDAwMDAsImRlbGV0ZSI6MTIwMDAwMDAwMDAwMH0sInNjaGVtYV92ZXJzaW9uIjoiMSJ9",
          "dependencies": [
            "aws_vpc.vpc"
          ]
        }
      ]
    },
    {
      "mode": "managed",
      "type": "aws_subnet",
      "name": "public_subnet",
      "provider": "provider[\"registry.terraform.io/hashicorp/aws\"]",
      "instances": [
        {
          "schema_version": 1,
          "attributes": {
            "arn": "arn:aws:ec2:us-east-1:070304086929:subnet/subnet-0e5621abd8d376729",
            "assign_ipv6_address_on_creation": false,
            "availability_zone": "us-east-1a",
            "availability_zone_id": "use1-az6",
            "cidr_block": "10.0.1.0/24",
            "customer_owned_ipv4_pool": "",
            "enable_dns64": false,
            "enable_resource_name_dns_a_record_on_launch": false,
            "enable_resource_name_dns_aaaa_record_on_launch": false,
            "id": "subnet-0e5621abd8d376729",
            "ipv6_cidr_block": "",
            "ipv6_cidr_block_association_id": "",
            "ipv6_native": false,
            "map_customer_owned_ip_on_launch": false,
            "map_public_ip_on_launch": true,
            "outpost_arn": "",
            "owner_id": "070304086929",
            "private_dns_hostname_type_on_launch": "ip-name",
            "tags": {
              "Name": "udacity-public"
            },
            "tags_all": {
              "Name": "udacity-public"
            },
            "timeouts": null,
            "vpc_id": "vpc-0c2cb06f29d02f9e3"
          },
          "sensitive_attributes": [],
          "private": "eyJlMmJmYjczMC1lY2FhLTExZTYtOGY4OC0zNDM2M2JjN2M0YzAiOnsiY3JlYXRlIjo2MDAwMDAwMDAwMDAsImRlbGV0ZSI6MTIwMDAwMDAwMDAwMH0sInNjaGVtYV92ZXJzaW9uIjoiMSJ9",
          "dependencies": [
            "aws_vpc.vpc"
          ]
        }
      ]
    },
    {
      "mode": "managed",
      "type": "aws_vpc",
      "name": "vpc",
      "provider": "provider[\"registry.terraform.io/hashicorp/aws\"]",
      "instances": [
        {
          "schema_version": 1,
          "attributes": {
            "arn": "arn:aws:ec2:us-east-1:070304086929:vpc/vpc-0c2cb06f29d02f9e3",
            "assign_generated_ipv6_cidr_block": false,
            "cidr_block": "10.0.0.0/16",
            "default_network_acl_id": "acl-06a02578e93339817",
            "default_route_table_id": "rtb-059fa8efc4c6d5b98",
            "default_security_group_id": "sg-08a27c667aee0a77b",
            "dhcp_options_id": "dopt-070780a7884d66ce5",
            "enable_classiclink": false,
            "enable_classiclink_dns_support": false,
            "enable_dns_hostnames": true,
            "enable_dns_support": true,
            "enable_network_address_usage_metrics": false,
            "id": "vpc-0c2cb06f29d02f9e3",
            "instance_tenancy": "default",
            "ipv4_ipam_pool_id": null,
            "ipv4_netmask_length": null,
            "ipv6_association_id": "",
            "ipv6_cidr_block": "",
            "ipv6_cidr_block_network_border_group": "",
            "ipv6_ipam_pool_id": "",
            "ipv6_netmask_length": 0,
            "main_route_table_id": "rtb-059fa8efc4c6d5b98",
            "owner_id": "070304086929",
            "tags": {
              "Name": "udacity"
            },
            "tags_all": {
              "Name": "udacity"
            }
          },
          "sensitive_attributes": [],
          "private": "eyJzY2hlbWFfdmVyc2lvbiI6IjEifQ=="
        }
      ]
    }
  ],
  "check_results": null
}
